
Microsoft Visual Studio Solution File, Format Version 12.00
# Visual Studio Version 17
VisualStudioVersion = 17.0.31903.59
MinimumVisualStudioVersion = 10.0.40219.1
Project("{2150E333-8FDC-42A3-9474-1A3956D46DE8}") = "src", "src", "{827E0CD3-B72D-47B6-A68D-7590B98EB39B}"
EndProject
Project("{FAE04EC0-301F-11D3-BF4B-00C04F79EFBC}") = "ECommerce.Domain", "src\ECommerce.Domain\ECommerce.Domain.csproj", "{B96C8911-211A-434B-8898-8762BD4A3D4B}"
EndProject
Project("{FAE04EC0-301F-11D3-BF4B-00C04F79EFBC}") = "ECommerce.Application", "src\ECommerce.Application\ECommerce.Application.csproj", "{5C5CB759-A2B3-48F9-A886-E7E04F8A6A6E}"
EndProject
Project("{FAE04EC0-301F-11D3-BF4B-00C04F79EFBC}") = "ECommerce.Persistence", "src\ECommerce.Persistence\ECommerce.Persistence.csproj", "{6917C59F-5DA4-46FB-A2AD-07B4A5E865A1}"
EndProject
Project("{FAE04EC0-301F-11D3-BF4B-00C04F79EFBC}") = "ECommerce.Infrastructure", "src\ECommerce.Infrastructure\ECommerce.Infrastructure.csproj", "{38589427-5738-47E9-815B-BDA05AD3D5F7}"
EndProject
Project("{FAE04EC0-301F-11D3-BF4B-00C04F79EFBC}") = "ECommerce.API", "src\ECommerce.API\ECommerce.API.csproj", "{E57B36DD-930A-482F-ADA3-C5B7CB2593EA}"
EndProject
Project("{2150E333-8FDC-42A3-9474-1A3956D46DE8}") = "tests", "tests", "{0AB3BF05-4346-4AA6-1389-037BE0695223}"
EndProject
Project("{FAE04EC0-301F-11D3-BF4B-00C04F79EFBC}") = "ECommerce.UnitTests", "tests\ECommerce.UnitTests\ECommerce.UnitTests.csproj", "{1A9C2F07-ED47-49FE-A7D2-26525E91D6F0}"
EndProject
Project("{FAE04EC0-301F-11D3-BF4B-00C04F79EFBC}") = "ECommerce.ArchitectureTests", "tests\ECommerce.ArchitectureTests\ECommerce.ArchitectureTests.csproj", "{9824CB48-503D-41BE-93D9-3CF46C6A6E71}"
EndProject
Project("{FAE04EC0-301F-11D3-BF4B-00C04F79EFBC}") = "ECommerce.IntegrationTests", "tests\ECommerce.IntegrationTests\ECommerce.IntegrationTests.csproj", "{F7CC4964-8133-40B3-A12B-0E77EB7A17A9}"
EndProject
Global
	GlobalSection(SolutionConfigurationPlatforms) = preSolution
		Debug|Any CPU = Debug|Any CPU
		Debug|x64 = Debug|x64
		Debug|x86 = Debug|x86
		Release|Any CPU = Release|Any CPU
		Release|x64 = Release|x64
		Release|x86 = Release|x86
	EndGlobalSection
	GlobalSection(ProjectConfigurationPlatforms) = postSolution
		{B96C8911-211A-434B-8898-8762BD4A3D4B}.Debug|Any CPU.ActiveCfg = Debug|Any CPU
		{B96C8911-211A-434B-8898-8762BD4A3D4B}.Debug|Any CPU.Build.0 = Debug|Any CPU
		{B96C8911-211A-434B-8898-8762BD4A3D4B}.Debug|x64.ActiveCfg = Debug|Any CPU
		{B96C8911-211A-434B-8898-8762BD4A3D4B}.Debug|x64.Build.0 = Debug|Any CPU
		{B96C8911-211A-434B-8898-8762BD4A3D4B}.Debug|x86.ActiveCfg = Debug|Any CPU
		{B96C8911-211A-434B-8898-8762BD4A3D4B}.Debug|x86.Build.0 = Debug|Any CPU
		{B96C8911-211A-434B-8898-8762BD4A3D4B}.Release|Any CPU.ActiveCfg = Release|Any CPU
		{B96C8911-211A-434B-8898-8762BD4A3D4B}.Release|Any CPU.Build.0 = Release|Any CPU
		{B96C8911-211A-434B-8898-8762BD4A3D4B}.Release|x64.ActiveCfg = Release|Any CPU
		{B96C8911-211A-434B-8898-8762BD4A3D4B}.Release|x64.Build.0 = Release|Any CPU
		{B96C8911-211A-434B-8898-8762BD4A3D4B}.Release|x86.ActiveCfg = Release|Any CPU
		{B96C8911-211A-434B-8898-8762BD4A3D4B}.Release|x86.Build.0 = Release|Any CPU
		{5C5CB759-A2B3-48F9-A886-E7E04F8A6A6E}.Debug|Any CPU.ActiveCfg = Debug|Any CPU
		{5C5CB759-A2B3-48F9-A886-E7E04F8A6A6E}.Debug|Any CPU.Build.0 = Debug|Any CPU
		{5C5CB759-A2B3-48F9-A886-E7E04F8A6A6E}.Debug|x64.ActiveCfg = Debug|Any CPU
		{5C5CB759-A2B3-48F9-A886-E7E04F8A6A6E}.Debug|x64.Build.0 = Debug|Any CPU
		{5C5CB759-A2B3-48F9-A886-E7E04F8A6A6E}.Debug|x86.ActiveCfg = Debug|Any CPU
		{5C5CB759-A2B3-48F9-A886-E7E04F8A6A6E}.Debug|x86.Build.0 = Debug|Any CPU
		{5C5CB759-A2B3-48F9-A886-E7E04F8A6A6E}.Release|Any CPU.ActiveCfg = Release|Any CPU
		{5C5CB759-A2B3-48F9-A886-E7E04F8A6A6E}.Release|Any CPU.Build.0 = Release|Any CPU
		{5C5CB759-A2B3-48F9-A886-E7E04F8A6A6E}.Release|x64.ActiveCfg = Release|Any CPU
		{5C5CB759-A2B3-48F9-A886-E7E04F8A6A6E}.Release|x64.Build.0 = Release|Any CPU
		{5C5CB759-A2B3-48F9-A886-E7E04F8A6A6E}.Release|x86.ActiveCfg = Release|Any CPU
		{5C5CB759-A2B3-48F9-A886-E7E04F8A6A6E}.Release|x86.Build.0 = Release|Any CPU
		{6917C59F-5DA4-46FB-A2AD-07B4A5E865A1}.Debug|Any CPU.ActiveCfg = Debug|Any CPU
		{6917C59F-5DA4-46FB-A2AD-07B4A5E865A1}.Debug|Any CPU.Build.0 = Debug|Any CPU
		{6917C59F-5DA4-46FB-A2AD-07B4A5E865A1}.Debug|x64.ActiveCfg = Debug|Any CPU
		{6917C59F-5DA4-46FB-A2AD-07B4A5E865A1}.Debug|x64.Build.0 = Debug|Any CPU
		{6917C59F-5DA4-46FB-A2AD-07B4A5E865A1}.Debug|x86.ActiveCfg = Debug|Any CPU
		{6917C59F-5DA4-46FB-A2AD-07B4A5E865A1}.Debug|x86.Build.0 = Debug|Any CPU
		{6917C59F-5DA4-46FB-A2AD-07B4A5E865A1}.Release|Any CPU.ActiveCfg = Release|Any CPU
		{6917C59F-5DA4-46FB-A2AD-07B4A5E865A1}.Release|Any CPU.Build.0 = Release|Any CPU
		{6917C59F-5DA4-46FB-A2AD-07B4A5E865A1}.Release|x64.ActiveCfg = Release|Any CPU
		{6917C59F-5DA4-46FB-A2AD-07B4A5E865A1}.Release|x64.Build.0 = Release|Any CPU
		{6917C59F-5DA4-46FB-A2AD-07B4A5E865A1}.Release|x86.ActiveCfg = Release|Any CPU
		{6917C59F-5DA4-46FB-A2AD-07B4A5E865A1}.Release|x86.Build.0 = Release|Any CPU
		{38589427-5738-47E9-815B-BDA05AD3D5F7}.Debug|Any CPU.ActiveCfg = Debug|Any CPU
		{38589427-5738-47E9-815B-BDA05AD3D5F7}.Debug|Any CPU.Build.0 = Debug|Any CPU
		{38589427-5738-47E9-815B-BDA05AD3D5F7}.Debug|x64.ActiveCfg = Debug|Any CPU
		{38589427-5738-47E9-815B-BDA05AD3D5F7}.Debug|x64.Build.0 = Debug|Any CPU
		{38589427-5738-47E9-815B-BDA05AD3D5F7}.Debug|x86.ActiveCfg = Debug|Any CPU
		{38589427-5738-47E9-815B-BDA05AD3D5F7}.Debug|x86.Build.0 = Debug|Any CPU
		{38589427-5738-47E9-815B-BDA05AD3D5F7}.Release|Any CPU.ActiveCfg = Release|Any CPU
		{38589427-5738-47E9-815B-BDA05AD3D5F7}.Release|Any CPU.Build.0 = Release|Any CPU
		{38589427-5738-47E9-815B-BDA05AD3D5F7}.Release|x64.ActiveCfg = Release|Any CPU
		{38589427-5738-47E9-815B-BDA05AD3D5F7}.Release|x64.Build.0 = Release|Any CPU
		{38589427-5738-47E9-815B-BDA05AD3D5F7}.Release|x86.ActiveCfg = Release|Any CPU
		{38589427-5738-47E9-815B-BDA05AD3D5F7}.Release|x86.Build.0 = Release|Any CPU
		{E57B36DD-930A-482F-ADA3-C5B7CB2593EA}.Debug|Any CPU.ActiveCfg = Debug|Any CPU
		{E57B36DD-930A-482F-ADA3-C5B7CB2593EA}.Debug|Any CPU.Build.0 = Debug|Any CPU
		{E57B36DD-930A-482F-ADA3-C5B7CB2593EA}.Debug|x64.ActiveCfg = Debug|Any CPU
		{E57B36DD-930A-482F-ADA3-C5B7CB2593EA}.Debug|x64.Build.0 = Debug|Any CPU
		{E57B36DD-930A-482F-ADA3-C5B7CB2593EA}.Debug|x86.ActiveCfg = Debug|Any CPU
		{E57B36DD-930A-482F-ADA3-C5B7CB2593EA}.Debug|x86.Build.0 = Debug|Any CPU
		{E57B36DD-930A-482F-ADA3-C5B7CB2593EA}.Release|Any CPU.ActiveCfg = Release|Any CPU
		{E57B36DD-930A-482F-ADA3-C5B7CB2593EA}.Release|Any CPU.Build.0 = Release|Any CPU
		{E57B36DD-930A-482F-ADA3-C5B7CB2593EA}.Release|x64.ActiveCfg = Release|Any CPU
		{E57B36DD-930A-482F-ADA3-C5B7CB2593EA}.Release|x64.Build.0 = Release|Any CPU
		{E57B36DD-930A-482F-ADA3-C5B7CB2593EA}.Release|x86.ActiveCfg = Release|Any CPU
		{E57B36DD-930A-482F-ADA3-C5B7CB2593EA}.Release|x86.Build.0 = Release|Any CPU
		{1A9C2F07-ED47-49FE-A7D2-26525E91D6F0}.Debug|Any CPU.ActiveCfg = Debug|Any CPU
		{1A9C2F07-ED47-49FE-A7D2-26525E91D6F0}.Debug|Any CPU.Build.0 = Debug|Any CPU
		{1A9C2F07-ED47-49FE-A7D2-26525E91D6F0}.Debug|x64.ActiveCfg = Debug|Any CPU
		{1A9C2F07-ED47-49FE-A7D2-26525E91D6F0}.Debug|x64.Build.0 = Debug|Any CPU
		{1A9C2F07-ED47-49FE-A7D2-26525E91D6F0}.Debug|x86.ActiveCfg = Debug|Any CPU
		{1A9C2F07-ED47-49FE-A7D2-26525E91D6F0}.Debug|x86.Build.0 = Debug|Any CPU
		{1A9C2F07-ED47-49FE-A7D2-26525E91D6F0}.Release|Any CPU.ActiveCfg = Release|Any CPU
		{1A9C2F07-ED47-49FE-A7D2-26525E91D6F0}.Release|Any CPU.Build.0 = Release|Any CPU
		{1A9C2F07-ED47-49FE-A7D2-26525E91D6F0}.Release|x64.ActiveCfg = Release|Any CPU
		{1A9C2F07-ED47-49FE-A7D2-26525E91D6F0}.Release|x64.Build.0 = Release|Any CPU
		{1A9C2F07-ED47-49FE-A7D2-26525E91D6F0}.Release|x86.ActiveCfg = Release|Any CPU
		{1A9C2F07-ED47-49FE-A7D2-26525E91D6F0}.Release|x86.Build.0 = Release|Any CPU
		{9824CB48-503D-41BE-93D9-3CF46C6A6E71}.Debug|Any CPU.ActiveCfg = Debug|Any CPU
		{9824CB48-503D-41BE-93D9-3CF46C6A6E71}.Debug|Any CPU.Build.0 = Debug|Any CPU
		{9824CB48-503D-41BE-93D9-3CF46C6A6E71}.Debug|x64.ActiveCfg = Debug|Any CPU
		{9824CB48-503D-41BE-93D9-3CF46C6A6E71}.Debug|x64.Build.0 = Debug|Any CPU
		{9824CB48-503D-41BE-93D9-3CF46C6A6E71}.Debug|x86.ActiveCfg = Debug|Any CPU
		{9824CB48-503D-41BE-93D9-3CF46C6A6E71}.Debug|x86.Build.0 = Debug|Any CPU
		{9824CB48-503D-41BE-93D9-3CF46C6A6E71}.Release|Any CPU.ActiveCfg = Release|Any CPU
		{9824CB48-503D-41BE-93D9-3CF46C6A6E71}.Release|Any CPU.Build.0 = Release|Any CPU
		{9824CB48-503D-41BE-93D9-3CF46C6A6E71}.Release|x64.ActiveCfg = Release|Any CPU
		{9824CB48-503D-41BE-93D9-3CF46C6A6E71}.Release|x64.Build.0 = Release|Any CPU
		{9824CB48-503D-41BE-93D9-3CF46C6A6E71}.Release|x86.ActiveCfg = Release|Any CPU
		{9824CB48-503D-41BE-93D9-3CF46C6A6E71}.Release|x86.Build.0 = Release|Any CPU
		{F7CC4964-8133-40B3-A12B-0E77EB7A17A9}.Debug|Any CPU.ActiveCfg = Debug|Any CPU
		{F7CC4964-8133-40B3-A12B-0E77EB7A17A9}.Debug|Any CPU.Build.0 = Debug|Any CPU
		{F7CC4964-8133-40B3-A12B-0E77EB7A17A9}.Debug|x64.ActiveCfg = Debug|Any CPU
		{F7CC4964-8133-40B3-A12B-0E77EB7A17A9}.Debug|x64.Build.0 = Debug|Any CPU
		{F7CC4964-8133-40B3-A12B-0E77EB7A17A9}.Debug|x86.ActiveCfg = Debug|Any CPU
		{F7CC4964-8133-40B3-A12B-0E77EB7A17A9}.Debug|x86.Build.0 = Debug|Any CPU
		{F7CC4964-8133-40B3-A12B-0E77EB7A17A9}.Release|Any CPU.ActiveCfg = Release|Any CPU
		{F7CC4964-8133-40B3-A12B-0E77EB7A17A9}.Release|Any CPU.Build.0 = Release|Any CPU
		{F7CC4964-8133-40B3-A12B-0E77EB7A17A9}.Release|x64.ActiveCfg = Release|Any CPU
		{F7CC4964-8133-40B3-A12B-0E77EB7A17A9}.Release|x64.Build.0 = Release|Any CPU
		{F7CC4964-8133-40B3-A12B-0E77EB7A17A9}.Release|x86.ActiveCfg = Release|Any CPU
		{F7CC4964-8133-40B3-A12B-0E77EB7A17A9}.Release|x86.Build.0 = Release|Any CPU
	EndGlobalSection
	GlobalSection(SolutionProperties) = preSolution
		HideSolutionNode = FALSE
	EndGlobalSection
	GlobalSection(NestedProjects) = preSolution
		{B96C8911-211A-434B-8898-8762BD4A3D4B} = {827E0CD3-B72D-47B6-A68D-7590B98EB39B}
		{5C5CB759-A2B3-48F9-A886-E7E04F8A6A6E} = {827E0CD3-B72D-47B6-A68D-7590B98EB39B}
		{6917C59F-5DA4-46FB-A2AD-07B4A5E865A1} = {827E0CD3-B72D-47B6-A68D-7590B98EB39B}
		{38589427-5738-47E9-815B-BDA05AD3D5F7} = {827E0CD3-B72D-47B6-A68D-7590B98EB39B}
		{E57B36DD-930A-482F-ADA3-C5B7CB2593EA} = {827E0CD3-B72D-47B6-A68D-7590B98EB39B}
		{1A9C2F07-ED47-49FE-A7D2-26525E91D6F0} = {0AB3BF05-4346-4AA6-1389-037BE0695223}
		{9824CB48-503D-41BE-93D9-3CF46C6A6E71} = {0AB3BF05-4346-4AA6-1389-037BE0695223}
		{F7CC4964-8133-40B3-A12B-0E77EB7A17A9} = {0AB3BF05-4346-4AA6-1389-037BE0695223}
	EndGlobalSection
EndGlobal
